// !$*UTF8*$!
{
	archiveVersion = 1;
	classes = {
	};
	objectVersion = 46;
	objects = {

/* Begin PBXBuildFile section */
		F22161E41D0260E30029CBB7 /* AppDelegate.swift in Sources */ = {isa = PBXBuildFile; fileRef = F22161E31D0260E30029CBB7 /* AppDelegate.swift */; };
		F22161E61D0260E30029CBB7 /* ViewController.swift in Sources */ = {isa = PBXBuildFile; fileRef = F22161E51D0260E30029CBB7 /* ViewController.swift */; };
		F22161E91D0260E30029CBB7 /* Main.storyboard in Resources */ = {isa = PBXBuildFile; fileRef = F22161E71D0260E30029CBB7 /* Main.storyboard */; };
		F22161EB1D0260E30029CBB7 /* Assets.xcassets in Resources */ = {isa = PBXBuildFile; fileRef = F22161EA1D0260E30029CBB7 /* Assets.xcassets */; };
		F22161EE1D0260E30029CBB7 /* LaunchScreen.storyboard in Resources */ = {isa = PBXBuildFile; fileRef = F22161EC1D0260E30029CBB7 /* LaunchScreen.storyboard */; };
		F22161F61D0261710029CBB7 /* Line.swift in Sources */ = {isa = PBXBuildFile; fileRef = F22161F51D0261710029CBB7 /* Line.swift */; settings = {ASSET_TAGS = (); }; };
		F22161F81D0264310029CBB7 /* DrawView.swift in Sources */ = {isa = PBXBuildFile; fileRef = F22161F71D0264310029CBB7 /* DrawView.swift */; settings = {ASSET_TAGS = (); }; };
/* End PBXBuildFile section */

/* Begin PBXFileReference section */
		F22161E01D0260E30029CBB7 /* TouchTracker.app */ = {isa = PBXFileReference; explicitFileType = wrapper.application; includeInIndex = 0; path = TouchTracker.app; sourceTree = BUILT_PRODUCTS_DIR; };
		F22161E31D0260E30029CBB7 /* AppDelegate.swift */ = {isa = PBXFileReference; lastKnownFileType = sourcecode.swift; path = AppDelegate.swift; sourceTree = "<group>"; };
		F22161E51D0260E30029CBB7 /* ViewController.swift */ = {isa = PBXFileReference; lastKnownFileType = sourcecode.swift; path = ViewController.swift; sourceTree = "<group>"; };
		F22161E81D0260E30029CBB7 /* Base */ = {isa = PBXFileReference; lastKnownFileType = file.storyboard; name = Base; path = Base.lproj/Main.storyboard; sourceTree = "<group>"; };
		F22161EA1D0260E30029CBB7 /* Assets.xcassets */ = {isa = PBXFileReference; lastKnownFileType = folder.assetcatalog; path = Assets.xcassets; sourceTree = "<group>"; };
		F22161ED1D0260E30029CBB7 /* Base */ = {isa = PBXFileReference; lastKnownFileType = file.storyboard; name = Base; path = Base.lproj/LaunchScreen.storyboard; sourceTree = "<group>"; };
		F22161EF1D0260E30029CBB7 /* Info.plist */ = {isa = PBXFileReference; lastKnownFileType = text.plist.xml; path = Info.plist; sourceTree = "<group>"; };
		F22161F51D0261710029CBB7 /* Line.swift */ = {isa = PBXFileReference; fileEncoding = 4; lastKnownFileType = sourcecode.swift; path = Line.swift; sourceTree = "<group>"; };
		F22161F71D0264310029CBB7 /* DrawView.swift */ = {isa = PBXFileReference; fileEncoding = 4; lastKnownFileType = sourcecode.swift; path = DrawView.swift; sourceTree = "<group>"; };
/* End PBXFileReference section */

/* Begin PBXFrameworksBuildPhase section */
		F22161DD1D0260E30029CBB7 /* Frameworks */ = {
			isa = PBXFrameworksBuildPhase;
			buildActionMask = 2147483647;
			files = (
			);
			runOnlyForDeploymentPostprocessing = 0;
		};
/* End PBXFrameworksBuildPhase section */

/* Begin PBXGroup section */
		F22161D71D0260E30029CBB7 = {
			isa = PBXGroup;
			children = (
				F22161E21D0260E30029CBB7 /* TouchTracker */,
				F22161E11D0260E30029CBB7 /* Products */,
			);
			sourceTree = "<group>";
		};
		F22161E11D0260E30029CBB7 /* Products */ = {
			isa = PBXGroup;
			children = (
				F22161E01D0260E30029CBB7 /* TouchTracker.app */,
			);
			name = Products;
			sourceTree = "<group>";
		};
		F22161E21D0260E30029CBB7 /* TouchTracker */ = {
			isa = PBXGroup;
			children = (
				F22161E31D0260E30029CBB7 /* AppDelegate.swift */,
				F22161E51D0260E30029CBB7 /* ViewController.swift */,
				F22161E71D0260E30029CBB7 /* Main.storyboard */,
				F22161EA1D0260E30029CBB7 /* Assets.xcassets */,
				F22161EC1D0260E30029CBB7 /* LaunchScreen.storyboard */,
				F22161EF1D0260E30029CBB7 /* Info.plist */,
				F22161F51D0261710029CBB7 /* Line.swift */,
				F22161F71D0264310029CBB7 /* DrawView.swift */,
			);
			path = TouchTracker;
			sourceTree = "<group>";
		};
/* End PBXGroup section */

/* Begin PBXNativeTarget section */
		F22161DF1D0260E30029CBB7 /* TouchTracker */ = {
			isa = PBXNativeTarget;
			buildConfigurationList = F22161F21D0260E30029CBB7 /* Build configuration list for PBXNativeTarget "TouchTracker" */;
			buildPhases = (
				F22161DC1D0260E30029CBB7 /* Sources */,
				F22161DD1D0260E30029CBB7 /* Frameworks */,
				F22161DE1D0260E30029CBB7 /* Resources */,
			);
			buildRules = (
			);
			dependencies = (
			);
			name = TouchTracker;
			productName = TouchTracker;
			productReference = F22161E01D0260E30029CBB7 /* TouchTracker.app */;
			productType = "com.apple.product-type.application";
		};
/* End PBXNativeTarget section */

/* Begin PBXProject section */
		F22161D81D0260E30029CBB7 /* Project object */ = {
			isa = PBXProject;
			attributes = {
				LastUpgradeCheck = 0700;
				ORGANIZATIONNAME = "Shehab Saqib";
				TargetAttributes = {
					F22161DF1D0260E30029CBB7 = {
						CreatedOnToolsVersion = 7.0.1;
					};
				};
			};
			buildConfigurationList = F22161DB1D0260E30029CBB7 /* Build configuration list for PBXProject "TouchTracker" */;
			compatibilityVersion = "Xcode 3.2";
			developmentRegion = English;
			hasScannedForEncodings = 0;
			knownRegions = (
				en,
				Base,
			);
			mainGroup = F22161D71D0260E30029CBB7;
			productRefGroup = F22161E11D0260E30029CBB7 /* Products */;
			projectDirPath = "";
			projectRoot = "";
			targets = (
				F22161DF1D0260E30029CBB7 /* TouchTracker */,
			);
		};
/* End PBXProject section */

/* Begin PBXResourcesBuildPhase section */
		F22161DE1D0260E30029CBB7 /* Resources */ = {
			isa = PBXResourcesBuildPhase;
			buildActionMask = 2147483647;
			files = (
				F22161EE1D0260E30029CBB7 /* LaunchScreen.storyboard in Resources */,
				F22161EB1D0260E30029CBB7 /* Assets.xcassets in Resources */,
				F22161E91D0260E30029CBB7 /* Main.storyboard in Resources */,
			);
			runOnlyForDeploymentPostprocessing = 0;
		};
/* End PBXResourcesBuildPhase section */

/* Begin PBXSourcesBuildPhase section */
		F22161DC1D0260E30029CBB7 /* Sources */ = {
			isa = PBXSourcesBuildPhase;
			buildActionMask = 2147483647;
			files = (
				F22161F61D0261710029CBB7 /* Line.swift in Sources */,
				F22161E61D0260E30029CBB7 /* ViewController.swift in Sources */,
				F22161F81D0264310029CBB7 /* DrawView.swift in Sources */,
				F22161E41D0260E30029CBB7 /* AppDelegate.swift in Sources */,
			);
			runOnlyForDeploymentPostprocessing = 0;
		};
/* End PBXSourcesBuildPhase section */

/* Begin PBXVariantGroup section */
		F22161E71D0260E30029CBB7 /* Main.storyboard */ = {
			isa = PBXVariantGroup;
			children = (
				F22161E81D0260E30029CBB7 /* Base */,
			);
			name = Main.storyboard;
			sourceTree = "<group>";
		};
		F22161EC1D0260E30029CBB7 /* LaunchScreen.storyboard */ = {
			isa = PBXVariantGroup;
			children = (
				F22161ED1D0260E30029CBB7 /* Base */,
			);
			name = LaunchScreen.storyboard;
			sourceTree = "<group>";
		};
/* End PBXVariantGroup section */

/* Begin XCBuildConfiguration section */
		F22161F01D0260E30029CBB7 /* Debug */ = {
			isa = XCBuildConfiguration;
			buildSettings = {
				ALWAYS_SEARCH_USER_PATHS = NO;
				CLANG_CXX_LANGUAGE_STANDARD = "gnu++0x";
				CLANG_CXX_LIBRARY = "libc++";
				CLANG_ENABLE_MODULES = YES;
				CLANG_ENABLE_OBJC_ARC = YES;
				CLANG_WARN_BOOL_CONVERSION = YES;
				CLANG_WARN_CONSTANT_CONVERSION = YES;
				CLANG_WARN_DIRECT_OBJC_ISA_USAGE = YES_ERROR;
				CLANG_WARN_EMPTY_BODY = YES;
				CLANG_WARN_ENUM_CONVERSION = YES;
				CLANG_WARN_INT_CONVERSION = YES;
				CLANG_WARN_OBJC_ROOT_CLASS = YES_ERROR;
				CLANG_WARN_UNREACHABLE_CODE = YES;
				CLANG_WARN__DUPLICATE_METHOD_MATCH = YES;
				"CODE_SIGN_IDENTITY[sdk=iphoneos*]" = "iPhone Developer";
				COPY_PHASE_STRIP = NO;
				DEBUG_INFORMATION_FORMAT = dwarf;
				ENABLE_STRICT_OBJC_MSGSEND = YES;
				ENABLE_TESTABILITY = YES;
				GCC_C_LANGUAGE_STANDARD = gnu99;
				GCC_DYNAMIC_NO_PIC = NO;
				GCC_NO_COMMON_BLOCKS = YES;
				GCC_OPTIMIZATION_LEVEL = 0;
				GCC_PREPROCESSOR_DEFINITIONS = (
					"DEBUG=1",
					"$(inherited)",
				);
				GCC_WARN_64_TO_32_BIT_CONVERSION = YES;
				GCC_WARN_ABOUT_RETURN_TYPE = YES_ERROR;
				GCC_WARN_UNDECLARED_SELECTOR = YES;
				GCC_WARN_UNINITIALIZED_AUTOS = YES_AGGRESSIVE;
				GCC_WARN_UNUSED_FUNCTION = YES;
				GCC_WARN_UNUSED_VARIABLE = YES;
				IPHONEOS_DEPLOYMENT_TARGET = 9.0;
				MTL_ENABLE_DEBUG_INFO = YES;
				ONLY_ACTIVE_ARCH = YES;
				SDKROOT = iphoneos;
				SWIFT_OPTIMIZATION_LEVEL = "-Onone";
			};
			name = Debug;
		};
		F22161F11D0260E30029CBB7 /* Release */ = {
			isa = XCBuildConfiguration;
			buildSettings = {
				ALWAYS_SEARCH_USER_PATHS = NO;
				CLANG_CXX_LANGUAGE_STANDARD = "gnu++0x";
				CLANG_CXX_LIBRARY = "libc++";
				CLANG_ENABLE_MODULES = YES;
				CLANG_ENABLE_OBJC_ARC = YES;
				CLANG_WARN_BOOL_CONVERSION = YES;
				CLANG_WARN_CONSTANT_CONVERSION = YES;
				CLANG_WARN_DIRECT_OBJC_ISA_USAGE = YES_ERROR;
				CLANG_WARN_EMPTY_BODY = YES;
				CLANG_WARN_ENUM_CONVERSION = YES;
				CLANG_WARN_INT_CONVERSION = YES;
				CLANG_WARN_OBJC_ROOT_CLASS = YES_ERROR;
				CLANG_WARN_UNREACHABLE_CODE = YES;
				CLANG_WARN__DUPLICATE_METHOD_MATCH = YES;
				"CODE_SIGN_IDENTITY[sdk=iphoneos*]" = "iPhone Developer";
				COPY_PHASE_STRIP = NO;
				DEBUG_INFORMATION_FORMAT = "dwarf-with-dsym";
				ENABLE_NS_ASSERTIONS = NO;
				ENABLE_STRICT_OBJC_MSGSEND = YES;
				GCC_C_LANGUAGE_STANDARD = gnu99;
				GCC_NO_COMMON_BLOCKS = YES;
				GCC_WARN_64_TO_32_BIT_CONVERSION = YES;
				GCC_WARN_ABOUT_RETURN_TYPE = YES_ERROR;
				GCC_WARN_UNDECLARED_SELECTOR = YES;
				GCC_WARN_UNINITIALIZED_AUTOS = YES_AGGRESSIVE;
				GCC_WARN_UNUSED_FUNCTION = YES;
				GCC_WARN_UNUSED_VARIABLE = YES;
				IPHONEOS_DEPLOYMENT_TARGET = 9.0;
				MTL_ENABLE_DEBUG_INFO = NO;
				SDKROOT = iphoneos;
				VALIDATE_PRODUCT = YES;
			};
			name = Release;
		};
		F22161F31D0260E30029CBB7 /* Debug */ = {
			isa = XCBuildConfiguration;
			buildSettings = {
				ASSETCATALOG_COMPILER_APPICON_NAME = AppIcon;
				INFOPLIST_FILE = TouchTracker/Info.plist;
				LD_RUNPATH_SEARCH_PATHS = "$(inherited) @executable_path/Frameworks";
				PRODUCT_BUNDLE_IDENTIFIER = co.PiVI.TouchTracker;
				PRODUCT_NAME = "$(TARGET_NAME)";
			};
			name = Debug;
		};
		F22161F41D0260E30029CBB7 /* Release */ = {
			isa = XCBuildConfiguration;
			buildSettings = {
				ASSETCATALOG_COMPILER_APPICON_NAME = AppIcon;
				INFOPLIST_FILE = TouchTracker/Info.plist;
				LD_RUNPATH_SEARCH_PATHS = "$(inherited) @executable_path/Frameworks";
				PRODUCT_BUNDLE_IDENTIFIER = co.PiVI.TouchTracker;
				PRODUCT_NAME = "$(TARGET_NAME)";
			};
			name = Release;
		};
/* End XCBuildConfiguration section */

/* Begin XCConfigurationList section */
		F22161DB1D0260E30029CBB7 /* Build configuration list for PBXProject "TouchTracker" */ = {
			isa = XCConfigurationList;
			buildConfigurations = (
				F22161F01D0260E30029CBB7 /* Debug */,
				F22161F11D0260E30029CBB7 /* Release */,
			);
			defaultConfigurationIsVisible = 0;
			defaultConfigurationName = Release;
		};
		F22161F21D0260E30029CBB7 /* Build configuration list for PBXNativeTarget "TouchTracker" */ = {
			isa = XCConfigurationList;
			buildConfigurations = (
				F22161F31D0260E30029CBB7 /* Debug */,
				F22161F41D0260E30029CBB7 /* Release */,
			);
			defaultConfigurationIsVisible = 0;
		};
/* End XCConfigurationList section */
	};
	rootObject = F22161D81D0260E30029CBB7 /* Project object */;
}
